{
  "version": 4,
  "terraform_version": "1.7.3",
  "serial": 10,
  "lineage": "60f6cb8c-c754-cb0d-c82c-0d094c3c4b4d",
  "outputs": {},
  "resources": [
    {
      "mode": "managed",
      "type": "aws_eks_access_entry",
      "name": "access",
      "provider": "provider[\"registry.terraform.io/hashicorp/aws\"]",
      "instances": [
        {
          "schema_version": 0,
          "attributes": {
            "access_entry_arn": "arn:aws:eks:us-east-1:114495730772:access-entry/FiapTechChallengeJavaCluster/role/114495730772/voclabs/0ac7c729-fb17-d6e1-7f6a-220030cdca69",
            "cluster_name": "FiapTechChallengeJavaCluster",
            "created_at": "2024-05-19T00:50:18Z",
            "id": "FiapTechChallengeJavaCluster:arn:aws:iam::114495730772:role/voclabs",
            "kubernetes_groups": [
              "fiap",
              "postech"
            ],
            "modified_at": "2024-05-19T00:50:18Z",
            "principal_arn": "arn:aws:iam::114495730772:role/voclabs",
            "tags": {},
            "tags_all": {},
            "timeouts": null,
            "type": "STANDARD",
            "user_name": "arn:aws:sts::114495730772:assumed-role/voclabs/{{SessionName}}"
          },
          "sensitive_attributes": [],
          "private": "eyJlMmJmYjczMC1lY2FhLTExZTYtOGY4OC0zNDM2M2JjN2M0YzAiOnsiY3JlYXRlIjo2MDAwMDAwMDAwMDAsImRlbGV0ZSI6NjAwMDAwMDAwMDAwfX0=",
          "dependencies": [
            "aws_eks_cluster.fiap"
          ]
        }
      ]
    },
    {
      "mode": "managed",
      "type": "aws_eks_access_policy_association",
      "name": "example",
      "provider": "provider[\"registry.terraform.io/hashicorp/aws\"]",
      "instances": [
        {
          "schema_version": 0,
          "attributes": {
            "access_scope": [
              {
                "namespaces": [],
                "type": "cluster"
              }
            ],
            "associated_at": "2024-05-19 00:58:21.274 +0000 UTC",
            "cluster_name": "FiapTechChallengeJavaCluster",
            "id": "FiapTechChallengeJavaCluster#arn:aws:iam::114495730772:role/voclabs#arn:aws:eks::aws:cluster-access-policy/AmazonEKSClusterAdminPolicy",
            "modified_at": "2024-05-19 00:58:21.274 +0000 UTC",
            "policy_arn": "arn:aws:eks::aws:cluster-access-policy/AmazonEKSClusterAdminPolicy",
            "principal_arn": "arn:aws:iam::114495730772:role/voclabs",
            "timeouts": null
          },
          "sensitive_attributes": [],
          "private": "eyJlMmJmYjczMC1lY2FhLTExZTYtOGY4OC0zNDM2M2JjN2M0YzAiOnsiY3JlYXRlIjo2MDAwMDAwMDAwMDAsImRlbGV0ZSI6NjAwMDAwMDAwMDAwfX0=",
          "dependencies": [
            "aws_eks_cluster.fiap"
          ]
        }
      ]
    },
    {
      "mode": "managed",
      "type": "aws_eks_cluster",
      "name": "fiap",
      "provider": "provider[\"registry.terraform.io/hashicorp/aws\"]",
      "instances": [
        {
          "schema_version": 0,
          "attributes": {
            "access_config": [
              {
                "authentication_mode": "API_AND_CONFIG_MAP",
                "bootstrap_cluster_creator_admin_permissions": false
              }
            ],
            "arn": "arn:aws:eks:us-east-1:114495730772:cluster/FiapTechChallengeJavaCluster",
            "certificate_authority": [
              {
                "data": "LS0tLS1CRUdJTiBDRVJUSUZJQ0FURS0tLS0tCk1JSURCRENDQWV5Z0F3SUJBZ0lIRmI1cTRlWmNHekFOQmdrcWhraUc5dzBCQVFzRkFEQVZNUk13RVFZRFZRUUQKRXdwcmRXSmxjbTVsZEdWek1CNFhEVEkwTURVeE9UQXdNemN4TkZvWERUTTBNRFV4TnpBd05ESXhORm93RlRFVApNQkVHQTFVRUF4TUthM1ZpWlhKdVpYUmxjekNDQVNJd0RRWUpLb1pJaHZjTkFRRUJCUUFEZ2dFUEFEQ0NBUW9DCmdnRUJBS1gvWmV2K1JyU2N6Z0Y3YnprL2haQ0hLV1AzdXlLeGhmb2psMStjRi8xeDRpNTQ2QXpKMWdvVkQyS1QKZHBqeHA5NWpXNTRhNjJSdEdQemp5NGdtTmRlbi9sTGd2RE1zQ3RmTkhYU1VIbmhHSFdCd0VvTzNOTENrcU5hNwowaGd0SUR5S3d1T1U3TENoVzg1VEtpb2xpbjVBRHN3TDBmTyszeFV0TUtkWjdzN0Rvd1llRHovUGNmRWQyaTN6Ck1JZktqbGhidzdseXZjMXZZN2tLQ2dMSnRudTZBbmRNNnpZWWVCT3RRdkpaZlpRV0wwQUUyTDc3dVZZY2tYZHQKQ1hzdFI2d2t1UWdsZ3M2WHFNVzBkc3dnVlNmUS9GS2tLTW5RdVNTZXJTQzAvUUhkdDRUMUlwc1AvUncyUVhmeQpMQkRpUy9OdGdtdDlFcXNKMXdqNTlaREhtbFVDQXdFQUFhTlpNRmN3RGdZRFZSMFBBUUgvQkFRREFnS2tNQThHCkExVWRFd0VCL3dRRk1BTUJBZjh3SFFZRFZSME9CQllFRkRJRmp6emVXOWZMK3BDaUNrODFUNHpOQ1doQ01CVUcKQTFVZEVRUU9NQXlDQ210MVltVnlibVYwWlhNd0RRWUpLb1pJaHZjTkFRRUxCUUFEZ2dFQkFINnRIeEh3WlBMeAoyeTMzVU9zVlpxdjZMYnV6QkpUUGFkSTJndHFWNUFVL1B1SG5YN3ZwbzNrWHNvblRnc1pPcUJNR3ZyaWZ1cXBZCmQvY0VTMEJLTXJXQTNseW1HKzVPREdHekJxTXNtWkkvZlNvdmVDN0VTQ0d4K2NwSzlvZEtpTlVJYkxVcnpaanYKNHpTRGxZSWpTQVN0azRUQ1FBMkhtdmhod21KZmFGTkJ5OEZkQVdlMi9QajFwNWthWmdRcHBxSEMzUGYyUWFEawpaT2doTFRuelhxbHNiZ2QxSVdhZ08zQkVYNnVlU1J6OFAvSVJkV21YR0FoMW40V3FsRExlTHBmMFQ4aVVjUFFSCnVHSGl5RDV4ZllHV1BRMXJqSGhqUXUzTUlzOUluT0FXWE10RmJmYnoxbUtRbEV3ZWxwQk4vcHI3R3V5R3dJN2MKdUJvZFhsenBzRWM9Ci0tLS0tRU5EIENFUlRJRklDQVRFLS0tLS0K"
              }
            ],
            "cluster_id": null,
            "created_at": "2024-05-19 00:37:06.228 +0000 UTC",
            "enabled_cluster_log_types": [],
            "encryption_config": [],
            "endpoint": "https://F7853D1EDBD7FC7CD45F4F9CCD6379D1.gr7.us-east-1.eks.amazonaws.com",
            "id": "FiapTechChallengeJavaCluster",
            "identity": [
              {
                "oidc": [
                  {
                    "issuer": "https://oidc.eks.us-east-1.amazonaws.com/id/F7853D1EDBD7FC7CD45F4F9CCD6379D1"
                  }
                ]
              }
            ],
            "kubernetes_network_config": [
              {
                "ip_family": "ipv4",
                "service_ipv4_cidr": "10.100.0.0/16",
                "service_ipv6_cidr": ""
              }
            ],
            "name": "FiapTechChallengeJavaCluster",
            "outpost_config": [],
            "platform_version": "eks.7",
            "role_arn": "arn:aws:iam::114495730772:role/LabRole",
            "status": "ACTIVE",
            "tags": {},
            "tags_all": {},
            "timeouts": null,
            "version": "1.29",
            "vpc_config": [
              {
                "cluster_security_group_id": "sg-033efcec9a0689b4e",
                "endpoint_private_access": false,
                "endpoint_public_access": true,
                "public_access_cidrs": [
                  "0.0.0.0/0"
                ],
                "security_group_ids": [
                  "sg-0d08d18e46084afdf"
                ],
                "subnet_ids": [
                  "subnet-034644789aa32c538",
                  "subnet-0a285a8641ebb6652",
                  "subnet-0f54090cddb814bf8"
                ],
                "vpc_id": "vpc-03fb2d16439a16851"
              }
            ]
          },
          "sensitive_attributes": [],
          "private": "eyJlMmJmYjczMC1lY2FhLTExZTYtOGY4OC0zNDM2M2JjN2M0YzAiOnsiY3JlYXRlIjoxODAwMDAwMDAwMDAwLCJkZWxldGUiOjkwMDAwMDAwMDAwMCwidXBkYXRlIjozNjAwMDAwMDAwMDAwfX0="
        }
      ]
    },
    {
      "mode": "managed",
      "type": "aws_eks_node_group",
      "name": "example",
      "provider": "provider[\"registry.terraform.io/hashicorp/aws\"]",
      "instances": [
        {
          "schema_version": 0,
          "attributes": {
            "ami_type": "AL2_x86_64",
            "arn": "arn:aws:eks:us-east-1:114495730772:nodegroup/FiapTechChallengeJavaCluster/node-fiap/fac7c737-7d29-c328-d34b-7d00b52512ba",
            "capacity_type": "ON_DEMAND",
            "cluster_name": "FiapTechChallengeJavaCluster",
            "disk_size": 50,
            "force_update_version": null,
            "id": "FiapTechChallengeJavaCluster:node-fiap",
            "instance_types": [
              "t3.micro"
            ],
            "labels": null,
            "launch_template": [],
            "node_group_name": "node-fiap",
            "node_group_name_prefix": "",
            "node_role_arn": "arn:aws:iam::114495730772:role/LabRole",
            "release_version": "1.29.3-20240514",
            "remote_access": [],
            "resources": [
              {
                "autoscaling_groups": [
                  {
                    "name": "eks-node-fiap-fac7c737-7d29-c328-d34b-7d00b52512ba"
                  }
                ],
                "remote_access_security_group_id": ""
              }
            ],
            "scaling_config": [
              {
                "desired_size": 1,
                "max_size": 3,
                "min_size": 1
              }
            ],
            "status": "ACTIVE",
            "subnet_ids": [
              "subnet-034644789aa32c538",
              "subnet-0a285a8641ebb6652",
              "subnet-0f54090cddb814bf8"
            ],
            "tags": null,
            "tags_all": {},
            "taint": [],
            "timeouts": null,
            "update_config": [
              {
                "max_unavailable": 1,
                "max_unavailable_percentage": 0
              }
            ],
            "version": "1.29"
          },
          "sensitive_attributes": [],
          "private": "eyJlMmJmYjczMC1lY2FhLTExZTYtOGY4OC0zNDM2M2JjN2M0YzAiOnsiY3JlYXRlIjozNjAwMDAwMDAwMDAwLCJkZWxldGUiOjM2MDAwMDAwMDAwMDAsInVwZGF0ZSI6MzYwMDAwMDAwMDAwMH19",
          "dependencies": [
            "aws_eks_cluster.fiap"
          ]
        }
      ]
    }
  ],
  "check_results": null
}
